hash: 562441b773630dbad0fbfbf486e437844bf7e66cbac1b4cd0a8ca311d21519c2
updated: 2020-09-15T11:43:16.327649076-07:00
imports:
- name: github.com/chuckpreslar/inflect
  version: 423e3ac59c611e2d549527ab8c15fb99335d30ba
  subpackages:
  - languages
  - types
- name: github.com/fatih/camelcase
  version: 9db1b65eb38bb28986b93b521af1b7891ee1b04d
- name: github.com/gigforks/yaml
  version: 3396035bfe07c24995d93599a57cf12f9d1c58e4
- name: github.com/gorilla/mux
  version: 98cb6bf42e086f6af920b965c38cacc07402d51b
- name: github.com/jinzhu/inflection
  version: f5c5f50e6090ae76a29240b61ae2a90dd810112e
- name: github.com/konsorten/go-windows-terminal-sequences
  version: edb144dfd453055e1e49a3d8b410a660b5a87613
- name: github.com/pinzolo/casee
  version: 17765ba5eb571203493e37ac4242535949814496
- name: github.com/sirupsen/logrus
  version: 60c74ad9be0d874af0ab0daef6ab07c5c5911f0d
- name: github.com/volatiletech/inflect
  version: d8a15409218525655fee399863adef5b07cbdebd
- name: github.com/watercraft/cli
  version: 5e20420bd78d156986783251e760c60195bac64a
- name: github.com/watercraft/go-md2man
  version: bb19790c8b07db35a301caf6bc3bb20b495b4800
- name: github.com/watercraft/go-raml
  version: 6f465d872f62924b4cabf2beab0169744c7b5532
  subpackages:
  - codegen
  - codegen/apidocs
  - codegen/capnp
  - codegen/commons
  - codegen/date
  - codegen/generator
  - codegen/golang
  - codegen/libraries
  - codegen/nim
  - codegen/python
  - codegen/resource
  - codegen/security
  - codegen/tarantool
  - codegen/templates
  - codegen/types
  - commands
  - docs/tutorial/go/client/goramldir
  - docs/tutorial/go/client/goramldir/goraml
  - docs/tutorial/go/client/goramldir/types
  - raml
  - utils
- name: github.com/watercraft/validator
  version: 0534b760150f6bb5410c9fa4c6bf15ae8144f5ad
- name: golang.org/x/sys
  version: 288bc346aa3906399979ee2fc63bacf4c43e04c9
  subpackages:
  - internal/unsafeheader
  - unix
testImports:
- name: github.com/davecgh/go-spew
  version: d8f796af33cc11cb798c1aaeb27a4ebc5099927d
  subpackages:
  - spew
- name: github.com/gopherjs/gopherjs
  version: fce0ec30dd00773d3fa974351d04ce2737b5c4d9
  subpackages:
  - js
- name: github.com/jtolds/gls
  version: b4936e06046bbecbb94cae9c18127ebe510a2cb9
- name: github.com/pmezard/go-difflib
  version: 5d4384ee4fb2527b0a1256a821ebfc92f91efefc
  subpackages:
  - difflib
- name: github.com/smartystreets/assertions
  version: a2ad282d643d747de44bfe6deaca88113a257e04
  subpackages:
  - internal/go-diff/diffmatchpatch
  - internal/go-render/render
  - internal/oglematchers
- name: github.com/smartystreets/goconvey
  version: 505e419363375c0dc132d3ac02632a4ee32199ca
  subpackages:
  - convey
  - convey/gotest
  - convey/reporting
- name: github.com/stretchr/testify
  version: f654a9112bbeac49ca2cd45bfbe11533c4666cf8
  subpackages:
  - assert
- name: gopkg.in/yaml.v3
  version: eeeca48fe7764f320e4870d231902bf9c1be2c08
